// !$*UTF8*$!
{
	archiveVersion = 1;
	classes = {
	};
	objectVersion = 54;
	objects = {

/* Begin PBXBuildFile section */
		7113C0F72837C3DE004C1910 /* AppDelegate.swift in Sources */ = {isa = PBXBuildFile; fileRef = 7113C0F62837C3DE004C1910 /* AppDelegate.swift */; };
		7113C0F92837C3DE004C1910 /* SceneDelegate.swift in Sources */ = {isa = PBXBuildFile; fileRef = 7113C0F82837C3DE004C1910 /* SceneDelegate.swift */; };
		7113C0FB2837C3DE004C1910 /* SettingsViewController.swift in Sources */ = {isa = PBXBuildFile; fileRef = 7113C0FA2837C3DE004C1910 /* SettingsViewController.swift */; };
		7113C1002837C3DF004C1910 /* Assets.xcassets in Resources */ = {isa = PBXBuildFile; fileRef = 7113C0FF2837C3DF004C1910 /* Assets.xcassets */; };
		7113C1032837C3DF004C1910 /* LaunchScreen.storyboard in Resources */ = {isa = PBXBuildFile; fileRef = 7113C1012837C3DF004C1910 /* LaunchScreen.storyboard */; };
		711DB4F5283824A700CF5474 /* VisualizationViewController.swift in Sources */ = {isa = PBXBuildFile; fileRef = 711DB4F4283824A700CF5474 /* VisualizationViewController.swift */; };
		711DB4F82838AD3600CF5474 /* Charts in Frameworks */ = {isa = PBXBuildFile; productRef = 711DB4F72838AD3600CF5474 /* Charts */; };
		711DB4FA2838B43700CF5474 /* Orders.swift in Sources */ = {isa = PBXBuildFile; fileRef = 711DB4F92838B43700CF5474 /* Orders.swift */; };
		711DB4FC2838CDAA00CF5474 /* Profile.swift in Sources */ = {isa = PBXBuildFile; fileRef = 711DB4FB2838CDAA00CF5474 /* Profile.swift */; };
		711DB5012838CF2600CF5474 /* Internet.swift in Sources */ = {isa = PBXBuildFile; fileRef = 711DB5002838CF2600CF5474 /* Internet.swift */; };
		711DB5032838D37F00CF5474 /* BotMode.swift in Sources */ = {isa = PBXBuildFile; fileRef = 711DB5022838D37F00CF5474 /* BotMode.swift */; };
		711DB5072838F21B00CF5474 /* BotConfig.swift in Sources */ = {isa = PBXBuildFile; fileRef = 711DB5062838F21B00CF5474 /* BotConfig.swift */; };
		711DB5092838F54400CF5474 /* AccountListView.swift in Sources */ = {isa = PBXBuildFile; fileRef = 711DB5082838F54400CF5474 /* AccountListView.swift */; };
		711DB50C28390DE300CF5474 /* Introspect in Frameworks */ = {isa = PBXBuildFile; productRef = 711DB50B28390DE300CF5474 /* Introspect */; };
		711DB50E28391D1300CF5474 /* PostOrder.swift in Sources */ = {isa = PBXBuildFile; fileRef = 711DB50D28391D1300CF5474 /* PostOrder.swift */; };
		714405262839298F007AE807 /* CandleGraphView.swift in Sources */ = {isa = PBXBuildFile; fileRef = 714405252839298F007AE807 /* CandleGraphView.swift */; };
		7144052828393C54007AE807 /* VisualizerView.swift in Sources */ = {isa = PBXBuildFile; fileRef = 7144052728393C54007AE807 /* VisualizerView.swift */; };
		7144052A283952AE007AE807 /* TagsView.swift in Sources */ = {isa = PBXBuildFile; fileRef = 71440529283952AE007AE807 /* TagsView.swift */; };
		7144052C28395B67007AE807 /* TradesStream.swift in Sources */ = {isa = PBXBuildFile; fileRef = 7144052B28395B67007AE807 /* TradesStream.swift */; };
		7144053728399694007AE807 /* Candles.swift in Sources */ = {isa = PBXBuildFile; fileRef = 7144053628399694007AE807 /* Candles.swift */; };
		7144053A283996BE007AE807 /* Algorithms in Frameworks */ = {isa = PBXBuildFile; productRef = 71440539283996BE007AE807 /* Algorithms */; };
		7144053C2839FC65007AE807 /* StockInfo.swift in Sources */ = {isa = PBXBuildFile; fileRef = 7144053B2839FC65007AE807 /* StockInfo.swift */; };
		7144053E283A466A007AE807 /* AlgoConfig.swift in Sources */ = {isa = PBXBuildFile; fileRef = 7144053D283A466A007AE807 /* AlgoConfig.swift */; };
		71440540283A4C5B007AE807 /* Money.swift in Sources */ = {isa = PBXBuildFile; fileRef = 7144053F283A4C5B007AE807 /* Money.swift */; };
		71440545283A4C98007AE807 /* LinkedList.swift in Sources */ = {isa = PBXBuildFile; fileRef = 71440544283A4C98007AE807 /* LinkedList.swift */; };
		71440547283A5AC2007AE807 /* Portfolio.swift in Sources */ = {isa = PBXBuildFile; fileRef = 71440546283A5AC2007AE807 /* Portfolio.swift */; };
		7144054A283A96F3007AE807 /* DashboardViewController.swift in Sources */ = {isa = PBXBuildFile; fileRef = 71440549283A96F3007AE807 /* DashboardViewController.swift */; };
		7144054E283A9DD2007AE807 /* ConsoleView.swift in Sources */ = {isa = PBXBuildFile; fileRef = 7144054D283A9DD2007AE807 /* ConsoleView.swift */; };
		71440550283AA690007AE807 /* BarGraphView.swift in Sources */ = {isa = PBXBuildFile; fileRef = 7144054F283AA690007AE807 /* BarGraphView.swift */; };
		71440556283AACE8007AE807 /* TinkoffInvestSDK in Frameworks */ = {isa = PBXBuildFile; productRef = 71440555283AACE8007AE807 /* TinkoffInvestSDK */; };
		71440559283AB689007AE807 /* CombineWaiting in Frameworks */ = {isa = PBXBuildFile; productRef = 71440558283AB689007AE807 /* CombineWaiting */; };
		7144055B283ACA47007AE807 /* MacaLog.swift in Sources */ = {isa = PBXBuildFile; fileRef = 7144055A283ACA47007AE807 /* MacaLog.swift */; };
		7144055D283B534E007AE807 /* MacaStat.swift in Sources */ = {isa = PBXBuildFile; fileRef = 7144055C283B534E007AE807 /* MacaStat.swift */; };
/* End PBXBuildFile section */

/* Begin PBXFileReference section */
		7113C0F32837C3DE004C1910 /* Tinkoff2.app */ = {isa = PBXFileReference; explicitFileType = wrapper.application; includeInIndex = 0; path = Tinkoff2.app; sourceTree = BUILT_PRODUCTS_DIR; };
		7113C0F62837C3DE004C1910 /* AppDelegate.swift */ = {isa = PBXFileReference; lastKnownFileType = sourcecode.swift; path = AppDelegate.swift; sourceTree = "<group>"; };
		7113C0F82837C3DE004C1910 /* SceneDelegate.swift */ = {isa = PBXFileReference; lastKnownFileType = sourcecode.swift; path = SceneDelegate.swift; sourceTree = "<group>"; };
		7113C0FA2837C3DE004C1910 /* SettingsViewController.swift */ = {isa = PBXFileReference; lastKnownFileType = sourcecode.swift; path = SettingsViewController.swift; sourceTree = "<group>"; };
		7113C0FF2837C3DF004C1910 /* Assets.xcassets */ = {isa = PBXFileReference; lastKnownFileType = folder.assetcatalog; path = Assets.xcassets; sourceTree = "<group>"; };
		7113C1022837C3DF004C1910 /* Base */ = {isa = PBXFileReference; lastKnownFileType = file.storyboard; name = Base; path = Base.lproj/LaunchScreen.storyboard; sourceTree = "<group>"; };
		7113C1042837C3DF004C1910 /* Info.plist */ = {isa = PBXFileReference; lastKnownFileType = text.plist.xml; path = Info.plist; sourceTree = "<group>"; };
		711DB4F4283824A700CF5474 /* VisualizationViewController.swift */ = {isa = PBXFileReference; lastKnownFileType = sourcecode.swift; path = VisualizationViewController.swift; sourceTree = "<group>"; };
		711DB4F92838B43700CF5474 /* Orders.swift */ = {isa = PBXFileReference; lastKnownFileType = sourcecode.swift; path = Orders.swift; sourceTree = "<group>"; };
		711DB4FB2838CDAA00CF5474 /* Profile.swift */ = {isa = PBXFileReference; lastKnownFileType = sourcecode.swift; path = Profile.swift; sourceTree = "<group>"; };
		711DB5002838CF2600CF5474 /* Internet.swift */ = {isa = PBXFileReference; lastKnownFileType = sourcecode.swift; path = Internet.swift; sourceTree = "<group>"; };
		711DB5022838D37F00CF5474 /* BotMode.swift */ = {isa = PBXFileReference; lastKnownFileType = sourcecode.swift; path = BotMode.swift; sourceTree = "<group>"; };
		711DB5062838F21B00CF5474 /* BotConfig.swift */ = {isa = PBXFileReference; lastKnownFileType = sourcecode.swift; path = BotConfig.swift; sourceTree = "<group>"; };
		711DB5082838F54400CF5474 /* AccountListView.swift */ = {isa = PBXFileReference; lastKnownFileType = sourcecode.swift; path = AccountListView.swift; sourceTree = "<group>"; };
		711DB50D28391D1300CF5474 /* PostOrder.swift */ = {isa = PBXFileReference; fileEncoding = 4; lastKnownFileType = sourcecode.swift; path = PostOrder.swift; sourceTree = "<group>"; };
		714405252839298F007AE807 /* CandleGraphView.swift */ = {isa = PBXFileReference; lastKnownFileType = sourcecode.swift; path = CandleGraphView.swift; sourceTree = "<group>"; };
		7144052728393C54007AE807 /* VisualizerView.swift */ = {isa = PBXFileReference; lastKnownFileType = sourcecode.swift; path = VisualizerView.swift; sourceTree = "<group>"; };
		71440529283952AE007AE807 /* TagsView.swift */ = {isa = PBXFileReference; lastKnownFileType = sourcecode.swift; path = TagsView.swift; sourceTree = "<group>"; };
		7144052B28395B67007AE807 /* TradesStream.swift */ = {isa = PBXFileReference; fileEncoding = 4; lastKnownFileType = sourcecode.swift; path = TradesStream.swift; sourceTree = "<group>"; };
		7144053628399694007AE807 /* Candles.swift */ = {isa = PBXFileReference; fileEncoding = 4; lastKnownFileType = sourcecode.swift; path = Candles.swift; sourceTree = "<group>"; };
		7144053B2839FC65007AE807 /* StockInfo.swift */ = {isa = PBXFileReference; lastKnownFileType = sourcecode.swift; path = StockInfo.swift; sourceTree = "<group>"; };
		7144053D283A466A007AE807 /* AlgoConfig.swift */ = {isa = PBXFileReference; lastKnownFileType = sourcecode.swift; path = AlgoConfig.swift; sourceTree = "<group>"; };
		7144053F283A4C5B007AE807 /* Money.swift */ = {isa = PBXFileReference; fileEncoding = 4; lastKnownFileType = sourcecode.swift; path = Money.swift; sourceTree = "<group>"; };
		71440544283A4C98007AE807 /* LinkedList.swift */ = {isa = PBXFileReference; lastKnownFileType = sourcecode.swift; path = LinkedList.swift; sourceTree = "<group>"; };
		71440546283A5AC2007AE807 /* Portfolio.swift */ = {isa = PBXFileReference; lastKnownFileType = sourcecode.swift; path = Portfolio.swift; sourceTree = "<group>"; };
		71440548283A82A1007AE807 /* Tinkoff2.entitlements */ = {isa = PBXFileReference; lastKnownFileType = text.plist.entitlements; path = Tinkoff2.entitlements; sourceTree = "<group>"; };
		71440549283A96F3007AE807 /* DashboardViewController.swift */ = {isa = PBXFileReference; lastKnownFileType = sourcecode.swift; path = DashboardViewController.swift; sourceTree = "<group>"; };
		7144054D283A9DD2007AE807 /* ConsoleView.swift */ = {isa = PBXFileReference; lastKnownFileType = sourcecode.swift; path = ConsoleView.swift; sourceTree = "<group>"; };
		7144054F283AA690007AE807 /* BarGraphView.swift */ = {isa = PBXFileReference; lastKnownFileType = sourcecode.swift; path = BarGraphView.swift; sourceTree = "<group>"; };
		7144055A283ACA47007AE807 /* MacaLog.swift */ = {isa = PBXFileReference; lastKnownFileType = sourcecode.swift; path = MacaLog.swift; sourceTree = "<group>"; };
		7144055C283B534E007AE807 /* MacaStat.swift */ = {isa = PBXFileReference; lastKnownFileType = sourcecode.swift; path = MacaStat.swift; sourceTree = "<group>"; };
/* End PBXFileReference section */

/* Begin PBXFrameworksBuildPhase section */
		7113C0F02837C3DE004C1910 /* Frameworks */ = {
			isa = PBXFrameworksBuildPhase;
			buildActionMask = 2147483647;
			files = (
				71440556283AACE8007AE807 /* TinkoffInvestSDK in Frameworks */,
				7144053A283996BE007AE807 /* Algorithms in Frameworks */,
				71440559283AB689007AE807 /* CombineWaiting in Frameworks */,
				711DB50C28390DE300CF5474 /* Introspect in Frameworks */,
				711DB4F82838AD3600CF5474 /* Charts in Frameworks */,
			);
			runOnlyForDeploymentPostprocessing = 0;
		};
/* End PBXFrameworksBuildPhase section */

/* Begin PBXGroup section */
		7113C0EA2837C3DE004C1910 = {
			isa = PBXGroup;
			children = (
				7113C0F52837C3DE004C1910 /* Tinkoff2 */,
				7113C0F42837C3DE004C1910 /* Products */,
			);
			sourceTree = "<group>";
		};
		7113C0F42837C3DE004C1910 /* Products */ = {
			isa = PBXGroup;
			children = (
				7113C0F32837C3DE004C1910 /* Tinkoff2.app */,
			);
			name = Products;
			sourceTree = "<group>";
		};
		7113C0F52837C3DE004C1910 /* Tinkoff2 */ = {
			isa = PBXGroup;
			children = (
				71440548283A82A1007AE807 /* Tinkoff2.entitlements */,
				71440543283A4C8C007AE807 /* Algo */,
				711DB4FF2838CF1900CF5474 /* Helpers */,
				711DB4F32838244400CF5474 /* Controller */,
				711DB4F22838243C00CF5474 /* View */,
				711DB4F12838243500CF5474 /* Model */,
				7113C0F62837C3DE004C1910 /* AppDelegate.swift */,
				7113C0F82837C3DE004C1910 /* SceneDelegate.swift */,
				7113C0FF2837C3DF004C1910 /* Assets.xcassets */,
				7113C1012837C3DF004C1910 /* LaunchScreen.storyboard */,
				7113C1042837C3DF004C1910 /* Info.plist */,
			);
			path = Tinkoff2;
			sourceTree = "<group>";
		};
		711DB4F12838243500CF5474 /* Model */ = {
			isa = PBXGroup;
			children = (
				7144053628399694007AE807 /* Candles.swift */,
				7144052B28395B67007AE807 /* TradesStream.swift */,
				711DB50D28391D1300CF5474 /* PostOrder.swift */,
				711DB4F92838B43700CF5474 /* Orders.swift */,
				711DB4FB2838CDAA00CF5474 /* Profile.swift */,
				7144053B2839FC65007AE807 /* StockInfo.swift */,
				7144053D283A466A007AE807 /* AlgoConfig.swift */,
				71440546283A5AC2007AE807 /* Portfolio.swift */,
			);
			path = Model;
			sourceTree = "<group>";
		};
		711DB4F22838243C00CF5474 /* View */ = {
			isa = PBXGroup;
			children = (
				71440529283952AE007AE807 /* TagsView.swift */,
				711DB5082838F54400CF5474 /* AccountListView.swift */,
				7144052728393C54007AE807 /* VisualizerView.swift */,
				7144054D283A9DD2007AE807 /* ConsoleView.swift */,
				714405252839298F007AE807 /* CandleGraphView.swift */,
				7144054F283AA690007AE807 /* BarGraphView.swift */,
			);
			path = View;
			sourceTree = "<group>";
		};
		711DB4F32838244400CF5474 /* Controller */ = {
			isa = PBXGroup;
			children = (
				7113C0FA2837C3DE004C1910 /* SettingsViewController.swift */,
				711DB4F4283824A700CF5474 /* VisualizationViewController.swift */,
				71440549283A96F3007AE807 /* DashboardViewController.swift */,
			);
			path = Controller;
			sourceTree = "<group>";
		};
		711DB4FF2838CF1900CF5474 /* Helpers */ = {
			isa = PBXGroup;
			children = (
				7144053F283A4C5B007AE807 /* Money.swift */,
				711DB5002838CF2600CF5474 /* Internet.swift */,
				711DB5022838D37F00CF5474 /* BotMode.swift */,
				711DB5062838F21B00CF5474 /* BotConfig.swift */,
				7144055A283ACA47007AE807 /* MacaLog.swift */,
				7144055C283B534E007AE807 /* MacaStat.swift */,
			);
			path = Helpers;
			sourceTree = "<group>";
		};
		71440543283A4C8C007AE807 /* Algo */ = {
			isa = PBXGroup;
			children = (
				71440544283A4C98007AE807 /* LinkedList.swift */,
			);
			path = Algo;
			sourceTree = "<group>";
		};
/* End PBXGroup section */

/* Begin PBXNativeTarget section */
		7113C0F22837C3DE004C1910 /* Tinkoff2 */ = {
			isa = PBXNativeTarget;
			buildConfigurationList = 7113C1072837C3DF004C1910 /* Build configuration list for PBXNativeTarget "Tinkoff2" */;
			buildPhases = (
				7113C0EF2837C3DE004C1910 /* Sources */,
				7113C0F02837C3DE004C1910 /* Frameworks */,
				7113C0F12837C3DE004C1910 /* Resources */,
			);
			buildRules = (
			);
			dependencies = (
			);
			name = Tinkoff2;
			packageProductDependencies = (
				711DB4F72838AD3600CF5474 /* Charts */,
				711DB50B28390DE300CF5474 /* Introspect */,
				71440539283996BE007AE807 /* Algorithms */,
				71440555283AACE8007AE807 /* TinkoffInvestSDK */,
				71440558283AB689007AE807 /* CombineWaiting */,
			);
			productName = Tinkoff2;
			productReference = 7113C0F32837C3DE004C1910 /* Tinkoff2.app */;
			productType = "com.apple.product-type.application";
		};
/* End PBXNativeTarget section */

/* Begin PBXProject section */
		7113C0EB2837C3DE004C1910 /* Project object */ = {
			isa = PBXProject;
			attributes = {
				BuildIndependentTargetsInParallel = 1;
				LastSwiftUpdateCheck = 1340;
				LastUpgradeCheck = 1340;
				TargetAttributes = {
					7113C0F22837C3DE004C1910 = {
						CreatedOnToolsVersion = 13.4;
					};
				};
			};
			buildConfigurationList = 7113C0EE2837C3DE004C1910 /* Build configuration list for PBXProject "Tinkoff2" */;
			compatibilityVersion = "Xcode 12.0";
			developmentRegion = en;
			hasScannedForEncodings = 0;
			knownRegions = (
				en,
				Base,
			);
			mainGroup = 7113C0EA2837C3DE004C1910;
			packageReferences = (
				711DB4F62838AD3600CF5474 /* XCRemoteSwiftPackageReference "Charts" */,
				711DB50A28390DE300CF5474 /* XCRemoteSwiftPackageReference "SwiftUI-Introspect" */,
				71440538283996BE007AE807 /* XCRemoteSwiftPackageReference "swift-algorithms" */,
				71440554283AACE8007AE807 /* XCRemoteSwiftPackageReference "TinkoffInvestSwiftSDK" */,
				71440557283AB689007AE807 /* XCRemoteSwiftPackageReference "CombineWaiting" */,
			);
			productRefGroup = 7113C0F42837C3DE004C1910 /* Products */;
			projectDirPath = "";
			projectRoot = "";
			targets = (
				7113C0F22837C3DE004C1910 /* Tinkoff2 */,
			);
		};
/* End PBXProject section */

/* Begin PBXResourcesBuildPhase section */
		7113C0F12837C3DE004C1910 /* Resources */ = {
			isa = PBXResourcesBuildPhase;
			buildActionMask = 2147483647;
			files = (
				7113C1032837C3DF004C1910 /* LaunchScreen.storyboard in Resources */,
				7113C1002837C3DF004C1910 /* Assets.xcassets in Resources */,
			);
			runOnlyForDeploymentPostprocessing = 0;
		};
/* End PBXResourcesBuildPhase section */

/* Begin PBXSourcesBuildPhase section */
		7113C0EF2837C3DE004C1910 /* Sources */ = {
			isa = PBXSourcesBuildPhase;
			buildActionMask = 2147483647;
			files = (
				711DB50E28391D1300CF5474 /* PostOrder.swift in Sources */,
				7113C0FB2837C3DE004C1910 /* SettingsViewController.swift in Sources */,
				71440545283A4C98007AE807 /* LinkedList.swift in Sources */,
				71440547283A5AC2007AE807 /* Portfolio.swift in Sources */,
				7144053C2839FC65007AE807 /* StockInfo.swift in Sources */,
				7144053728399694007AE807 /* Candles.swift in Sources */,
				7144052828393C54007AE807 /* VisualizerView.swift in Sources */,
				7144055B283ACA47007AE807 /* MacaLog.swift in Sources */,
				711DB5072838F21B00CF5474 /* BotConfig.swift in Sources */,
				711DB4FC2838CDAA00CF5474 /* Profile.swift in Sources */,
				7144053E283A466A007AE807 /* AlgoConfig.swift in Sources */,
				711DB5032838D37F00CF5474 /* BotMode.swift in Sources */,
				7144054E283A9DD2007AE807 /* ConsoleView.swift in Sources */,
				711DB5012838CF2600CF5474 /* Internet.swift in Sources */,
				7144052C28395B67007AE807 /* TradesStream.swift in Sources */,
				7144055D283B534E007AE807 /* MacaStat.swift in Sources */,
				714405262839298F007AE807 /* CandleGraphView.swift in Sources */,
				71440550283AA690007AE807 /* BarGraphView.swift in Sources */,
				7113C0F72837C3DE004C1910 /* AppDelegate.swift in Sources */,
				71440540283A4C5B007AE807 /* Money.swift in Sources */,
				711DB4FA2838B43700CF5474 /* Orders.swift in Sources */,
				7113C0F92837C3DE004C1910 /* SceneDelegate.swift in Sources */,
				7144052A283952AE007AE807 /* TagsView.swift in Sources */,
				7144054A283A96F3007AE807 /* DashboardViewController.swift in Sources */,
				711DB4F5283824A700CF5474 /* VisualizationViewController.swift in Sources */,
				711DB5092838F54400CF5474 /* AccountListView.swift in Sources */,
			);
			runOnlyForDeploymentPostprocessing = 0;
		};
/* End PBXSourcesBuildPhase section */

/* Begin PBXVariantGroup section */
		7113C1012837C3DF004C1910 /* LaunchScreen.storyboard */ = {
			isa = PBXVariantGroup;
			children = (
				7113C1022837C3DF004C1910 /* Base */,
			);
			name = LaunchScreen.storyboard;
			sourceTree = "<group>";
		};
/* End PBXVariantGroup section */

/* Begin XCBuildConfiguration section */
		7113C1052837C3DF004C1910 /* Debug */ = {
			isa = XCBuildConfiguration;
			buildSettings = {
				ALWAYS_SEARCH_USER_PATHS = NO;
				CLANG_ANALYZER_NONNULL = YES;
				CLANG_ANALYZER_NUMBER_OBJECT_CONVERSION = YES_AGGRESSIVE;
				CLANG_CXX_LANGUAGE_STANDARD = "gnu++17";
				CLANG_ENABLE_MODULES = YES;
				CLANG_ENABLE_OBJC_ARC = YES;
				CLANG_ENABLE_OBJC_WEAK = YES;
				CLANG_WARN_BLOCK_CAPTURE_AUTORELEASING = YES;
				CLANG_WARN_BOOL_CONVERSION = YES;
				CLANG_WARN_COMMA = YES;
				CLANG_WARN_CONSTANT_CONVERSION = YES;
				CLANG_WARN_DEPRECATED_OBJC_IMPLEMENTATIONS = YES;
				CLANG_WARN_DIRECT_OBJC_ISA_USAGE = YES_ERROR;
				CLANG_WARN_DOCUMENTATION_COMMENTS = YES;
				CLANG_WARN_EMPTY_BODY = YES;
				CLANG_WARN_ENUM_CONVERSION = YES;
				CLANG_WARN_INFINITE_RECURSION = YES;
				CLANG_WARN_INT_CONVERSION = YES;
				CLANG_WARN_NON_LITERAL_NULL_CONVERSION = YES;
				CLANG_WARN_OBJC_IMPLICIT_RETAIN_SELF = YES;
				CLANG_WARN_OBJC_LITERAL_CONVERSION = YES;
				CLANG_WARN_OBJC_ROOT_CLASS = YES_ERROR;
				CLANG_WARN_QUOTED_INCLUDE_IN_FRAMEWORK_HEADER = YES;
				CLANG_WARN_RANGE_LOOP_ANALYSIS = YES;
				CLANG_WARN_STRICT_PROTOTYPES = YES;
				CLANG_WARN_SUSPICIOUS_MOVE = YES;
				CLANG_WARN_UNGUARDED_AVAILABILITY = YES_AGGRESSIVE;
				CLANG_WARN_UNREACHABLE_CODE = YES;
				CLANG_WARN__DUPLICATE_METHOD_MATCH = YES;
				COPY_PHASE_STRIP = NO;
				DEBUG_INFORMATION_FORMAT = dwarf;
				ENABLE_STRICT_OBJC_MSGSEND = YES;
				ENABLE_TESTABILITY = YES;
				GCC_C_LANGUAGE_STANDARD = gnu11;
				GCC_DYNAMIC_NO_PIC = NO;
				GCC_NO_COMMON_BLOCKS = YES;
				GCC_OPTIMIZATION_LEVEL = 0;
				GCC_PREPROCESSOR_DEFINITIONS = (
					"DEBUG=1",
					"$(inherited)",
				);
				GCC_WARN_64_TO_32_BIT_CONVERSION = YES;
				GCC_WARN_ABOUT_RETURN_TYPE = YES_ERROR;
				GCC_WARN_UNDECLARED_SELECTOR = YES;
				GCC_WARN_UNINITIALIZED_AUTOS = YES_AGGRESSIVE;
				GCC_WARN_UNUSED_FUNCTION = YES;
				GCC_WARN_UNUSED_VARIABLE = YES;
				IPHONEOS_DEPLOYMENT_TARGET = 15.5;
				MTL_ENABLE_DEBUG_INFO = INCLUDE_SOURCE;
				MTL_FAST_MATH = YES;
				ONLY_ACTIVE_ARCH = YES;
				SDKROOT = iphoneos;
				SWIFT_ACTIVE_COMPILATION_CONDITIONS = DEBUG;
				SWIFT_OPTIMIZATION_LEVEL = "-Onone";
			};
			name = Debug;
		};
		7113C1062837C3DF004C1910 /* Release */ = {
			isa = XCBuildConfiguration;
			buildSettings = {
				ALWAYS_SEARCH_USER_PATHS = NO;
				CLANG_ANALYZER_NONNULL = YES;
				CLANG_ANALYZER_NUMBER_OBJECT_CONVERSION = YES_AGGRESSIVE;
				CLANG_CXX_LANGUAGE_STANDARD = "gnu++17";
				CLANG_ENABLE_MODULES = YES;
				CLANG_ENABLE_OBJC_ARC = YES;
				CLANG_ENABLE_OBJC_WEAK = YES;
				CLANG_WARN_BLOCK_CAPTURE_AUTORELEASING = YES;
				CLANG_WARN_BOOL_CONVERSION = YES;
				CLANG_WARN_COMMA = YES;
				CLANG_WARN_CONSTANT_CONVERSION = YES;
				CLANG_WARN_DEPRECATED_OBJC_IMPLEMENTATIONS = YES;
				CLANG_WARN_DIRECT_OBJC_ISA_USAGE = YES_ERROR;
				CLANG_WARN_DOCUMENTATION_COMMENTS = YES;
				CLANG_WARN_EMPTY_BODY = YES;
				CLANG_WARN_ENUM_CONVERSION = YES;
				CLANG_WARN_INFINITE_RECURSION = YES;
				CLANG_WARN_INT_CONVERSION = YES;
				CLANG_WARN_NON_LITERAL_NULL_CONVERSION = YES;
				CLANG_WARN_OBJC_IMPLICIT_RETAIN_SELF = YES;
				CLANG_WARN_OBJC_LITERAL_CONVERSION = YES;
				CLANG_WARN_OBJC_ROOT_CLASS = YES_ERROR;
				CLANG_WARN_QUOTED_INCLUDE_IN_FRAMEWORK_HEADER = YES;
				CLANG_WARN_RANGE_LOOP_ANALYSIS = YES;
				CLANG_WARN_STRICT_PROTOTYPES = YES;
				CLANG_WARN_SUSPICIOUS_MOVE = YES;
				CLANG_WARN_UNGUARDED_AVAILABILITY = YES_AGGRESSIVE;
				CLANG_WARN_UNREACHABLE_CODE = YES;
				CLANG_WARN__DUPLICATE_METHOD_MATCH = YES;
				COPY_PHASE_STRIP = NO;
				DEBUG_INFORMATION_FORMAT = "dwarf-with-dsym";
				ENABLE_NS_ASSERTIONS = NO;
				ENABLE_STRICT_OBJC_MSGSEND = YES;
				GCC_C_LANGUAGE_STANDARD = gnu11;
				GCC_NO_COMMON_BLOCKS = YES;
				GCC_WARN_64_TO_32_BIT_CONVERSION = YES;
				GCC_WARN_ABOUT_RETURN_TYPE = YES_ERROR;
				GCC_WARN_UNDECLARED_SELECTOR = YES;
				GCC_WARN_UNINITIALIZED_AUTOS = YES_AGGRESSIVE;
				GCC_WARN_UNUSED_FUNCTION = YES;
				GCC_WARN_UNUSED_VARIABLE = YES;
				IPHONEOS_DEPLOYMENT_TARGET = 15.5;
				MTL_ENABLE_DEBUG_INFO = NO;
				MTL_FAST_MATH = YES;
				SDKROOT = iphoneos;
				SWIFT_COMPILATION_MODE = wholemodule;
				SWIFT_OPTIMIZATION_LEVEL = "-O";
				VALIDATE_PRODUCT = YES;
			};
			name = Release;
		};
		7113C1082837C3DF004C1910 /* Debug */ = {
			isa = XCBuildConfiguration;
			buildSettings = {
				ASSETCATALOG_COMPILER_APPICON_NAME = AppIcon;
				ASSETCATALOG_COMPILER_GLOBAL_ACCENT_COLOR_NAME = AccentColor;
				CODE_SIGN_ENTITLEMENTS = Tinkoff2/Tinkoff2.entitlements;
				CODE_SIGN_STYLE = Automatic;
				CURRENT_PROJECT_VERSION = 1;
				DEVELOPMENT_TEAM = M63KLEQ9VT;
				GENERATE_INFOPLIST_FILE = YES;
				INFOPLIST_FILE = Tinkoff2/Info.plist;
				INFOPLIST_KEY_UIApplicationSupportsIndirectInputEvents = YES;
				INFOPLIST_KEY_UILaunchStoryboardName = LaunchScreen;
				INFOPLIST_KEY_UISupportedInterfaceOrientations_iPad = "UIInterfaceOrientationPortrait UIInterfaceOrientationPortraitUpsideDown UIInterfaceOrientationLandscapeLeft UIInterfaceOrientationLandscapeRight";
				INFOPLIST_KEY_UISupportedInterfaceOrientations_iPhone = "UIInterfaceOrientationPortrait UIInterfaceOrientationLandscapeLeft UIInterfaceOrientationLandscapeRight";
				IPHONEOS_DEPLOYMENT_TARGET = 15.5;
				"IPHONEOS_DEPLOYMENT_TARGET[sdk=macosx*]" = 15.2;
				LD_RUNPATH_SEARCH_PATHS = (
					"$(inherited)",
					"@executable_path/Frameworks",
				);
				MARKETING_VERSION = 1.0;
				PRODUCT_BUNDLE_IDENTIFIER = org.nimelehin.Tinkoff2;
				PRODUCT_NAME = "$(TARGET_NAME)";
				SUPPORTS_MACCATALYST = YES;
				SWIFT_EMIT_LOC_STRINGS = YES;
				SWIFT_VERSION = 5.0;
				TARGETED_DEVICE_FAMILY = "1,2";
			};
			name = Debug;
		};
		7113C1092837C3DF004C1910 /* Release */ = {
			isa = XCBuildConfiguration;
			buildSettings = {
				ASSETCATALOG_COMPILER_APPICON_NAME = AppIcon;
				ASSETCATALOG_COMPILER_GLOBAL_ACCENT_COLOR_NAME = AccentColor;
				CODE_SIGN_ENTITLEMENTS = Tinkoff2/Tinkoff2.entitlements;
				CODE_SIGN_STYLE = Automatic;
				CURRENT_PROJECT_VERSION = 1;
				DEVELOPMENT_TEAM = M63KLEQ9VT;
				GENERATE_INFOPLIST_FILE = YES;
				INFOPLIST_FILE = Tinkoff2/Info.plist;
				INFOPLIST_KEY_UIApplicationSupportsIndirectInputEvents = YES;
				INFOPLIST_KEY_UILaunchStoryboardName = LaunchScreen;
				INFOPLIST_KEY_UISupportedInterfaceOrientations_iPad = "UIInterfaceOrientationPortrait UIInterfaceOrientationPortraitUpsideDown UIInterfaceOrientationLandscapeLeft UIInterfaceOrientationLandscapeRight";
				INFOPLIST_KEY_UISupportedInterfaceOrientations_iPhone = "UIInterfaceOrientationPortrait UIInterfaceOrientationLandscapeLeft UIInterfaceOrientationLandscapeRight";
				IPHONEOS_DEPLOYMENT_TARGET = 15.5;
				"IPHONEOS_DEPLOYMENT_TARGET[sdk=macosx*]" = 15.2;
				LD_RUNPATH_SEARCH_PATHS = (
					"$(inherited)",
					"@executable_path/Frameworks",
				);
				MARKETING_VERSION = 1.0;
				PRODUCT_BUNDLE_IDENTIFIER = org.nimelehin.Tinkoff2;
				PRODUCT_NAME = "$(TARGET_NAME)";
				SUPPORTS_MACCATALYST = YES;
				SWIFT_EMIT_LOC_STRINGS = YES;
				SWIFT_VERSION = 5.0;
				TARGETED_DEVICE_FAMILY = "1,2";
			};
			name = Release;
		};
/* End XCBuildConfiguration section */

/* Begin XCConfigurationList section */
		7113C0EE2837C3DE004C1910 /* Build configuration list for PBXProject "Tinkoff2" */ = {
			isa = XCConfigurationList;
			buildConfigurations = (
				7113C1052837C3DF004C1910 /* Debug */,
				7113C1062837C3DF004C1910 /* Release */,
			);
			defaultConfigurationIsVisible = 0;
			defaultConfigurationName = Release;
		};
		7113C1072837C3DF004C1910 /* Build configuration list for PBXNativeTarget "Tinkoff2" */ = {
			isa = XCConfigurationList;
			buildConfigurations = (
				7113C1082837C3DF004C1910 /* Debug */,
				7113C1092837C3DF004C1910 /* Release */,
			);
			defaultConfigurationIsVisible = 0;
			defaultConfigurationName = Release;
		};
/* End XCConfigurationList section */

/* Begin XCRemoteSwiftPackageReference section */
		711DB4F62838AD3600CF5474 /* XCRemoteSwiftPackageReference "Charts" */ = {
			isa = XCRemoteSwiftPackageReference;
			repositoryURL = "https://github.com/danielgindi/Charts.git";
			requirement = {
				kind = upToNextMajorVersion;
				minimumVersion = 3.0.0;
			};
		};
		711DB50A28390DE300CF5474 /* XCRemoteSwiftPackageReference "SwiftUI-Introspect" */ = {
			isa = XCRemoteSwiftPackageReference;
			repositoryURL = "https://github.com/siteline/SwiftUI-Introspect.git";
			requirement = {
				kind = upToNextMajorVersion;
				minimumVersion = 0.1.4;
			};
		};
		71440538283996BE007AE807 /* XCRemoteSwiftPackageReference "swift-algorithms" */ = {
			isa = XCRemoteSwiftPackageReference;
			repositoryURL = "https://github.com/apple/swift-algorithms.git";
			requirement = {
				kind = upToNextMajorVersion;
				minimumVersion = 1.0.0;
			};
		};
		71440554283AACE8007AE807 /* XCRemoteSwiftPackageReference "TinkoffInvestSwiftSDK" */ = {
			isa = XCRemoteSwiftPackageReference;
			repositoryURL = "https://github.com/nimelehin/TinkoffInvestSwiftSDK.git";
			requirement = {
				kind = revision;
				revision = 6a2d343932018fbc46bf529720263741875bf406;
			};
		};
		71440557283AB689007AE807 /* XCRemoteSwiftPackageReference "CombineWaiting" */ = {
			isa = XCRemoteSwiftPackageReference;
			repositoryURL = "https://github.com/jameshurst/CombineWaiting.git";
			requirement = {
				kind = upToNextMajorVersion;
				minimumVersion = 0.2.0;
			};
		};
/* End XCRemoteSwiftPackageReference section */

/* Begin XCSwiftPackageProductDependency section */
		711DB4F72838AD3600CF5474 /* Charts */ = {
			isa = XCSwiftPackageProductDependency;
			package = 711DB4F62838AD3600CF5474 /* XCRemoteSwiftPackageReference "Charts" */;
			productName = Charts;
		};
		711DB50B28390DE300CF5474 /* Introspect */ = {
			isa = XCSwiftPackageProductDependency;
			package = 711DB50A28390DE300CF5474 /* XCRemoteSwiftPackageReference "SwiftUI-Introspect" */;
			productName = Introspect;
		};
		71440539283996BE007AE807 /* Algorithms */ = {
			isa = XCSwiftPackageProductDependency;
			package = 71440538283996BE007AE807 /* XCRemoteSwiftPackageReference "swift-algorithms" */;
			productName = Algorithms;
		};
		71440555283AACE8007AE807 /* TinkoffInvestSDK */ = {
			isa = XCSwiftPackageProductDependency;
			package = 71440554283AACE8007AE807 /* XCRemoteSwiftPackageReference "TinkoffInvestSwiftSDK" */;
			productName = TinkoffInvestSDK;
		};
		71440558283AB689007AE807 /* CombineWaiting */ = {
			isa = XCSwiftPackageProductDependency;
			package = 71440557283AB689007AE807 /* XCRemoteSwiftPackageReference "CombineWaiting" */;
			productName = CombineWaiting;
		};
/* End XCSwiftPackageProductDependency section */
	};
	rootObject = 7113C0EB2837C3DE004C1910 /* Project object */;
}
